
Microsoft Visual Studio Solution File, Format Version 12.00
# Visual Studio Version 17
VisualStudioVersion = 17.0.31903.59
MinimumVisualStudioVersion = 10.0.40219.1
Project("{2150E333-8FDC-42A3-9474-1A3956D46DE8}") = "Shared", "Shared", "{4F52FD11-658E-A102-6CD3-7D7C16FFA15B}"
EndProject
Project("{FAE04EC0-301F-11D3-BF4B-00C04F79EFBC}") = "Shared.Contracts", "Shared\Shared.Contracts\Shared.Contracts.csproj", "{FD9D8B9F-B632-4818-8A8C-5417DD2CACCA}"
EndProject
Project("{FAE04EC0-301F-11D3-BF4B-00C04F79EFBC}") = "Shared", "Shared\Shared\Shared.csproj", "{A14176FB-3655-432F-9328-A50BB33C71D3}"
EndProject
Project("{FAE04EC0-301F-11D3-BF4B-00C04F79EFBC}") = "Shared.Messaging", "Shared\Shared.Messaging\Shared.Messaging.csproj", "{C50BA489-8BC5-407A-A4B2-F4708780D910}"
EndProject
Project("{2150E333-8FDC-42A3-9474-1A3956D46DE8}") = "Modules", "Modules", "{CA253913-39DE-BFD0-C9A3-4B7EC6FBDF17}"
EndProject
Project("{2150E333-8FDC-42A3-9474-1A3956D46DE8}") = "Menu", "Menu", "{755C4B75-5A12-C258-C209-3D4B96DD269A}"
EndProject
Project("{FAE04EC0-301F-11D3-BF4B-00C04F79EFBC}") = "Menu", "Modules\Menu\Menu\Menu.csproj", "{088D0FA4-EBC2-498D-B857-6C5588E5103A}"
EndProject
Project("{FAE04EC0-301F-11D3-BF4B-00C04F79EFBC}") = "Menu.Contracts", "Modules\Menu\Menu.Contracts\Menu.Contracts.csproj", "{404E2C02-4A99-4478-97EA-5069E64A428E}"
EndProject
Project("{2150E333-8FDC-42A3-9474-1A3956D46DE8}") = "Order", "Order", "{3266C089-BF45-8FB5-CBFB-520E7D591FF0}"
EndProject
Project("{FAE04EC0-301F-11D3-BF4B-00C04F79EFBC}") = "Order", "Modules\Order\Order\Order.csproj", "{B78CE747-2F82-4453-80FE-AB03A38AB14C}"
EndProject
Project("{FAE04EC0-301F-11D3-BF4B-00C04F79EFBC}") = "Order.Contracts", "Modules\Order\Order.Contracts\Order.Contracts.csproj", "{B3C3B1BB-4EFE-4182-B4C3-5B713D8459C8}"
EndProject
Project("{2150E333-8FDC-42A3-9474-1A3956D46DE8}") = "Tenant", "Tenant", "{913ADD56-5A08-A3E1-DBF9-160612A513DD}"
EndProject
Project("{FAE04EC0-301F-11D3-BF4B-00C04F79EFBC}") = "Tenant", "Modules\Tenant\Tenant\Tenant.csproj", "{ED6234EF-2E0A-49C4-B068-249EAEE5A96E}"
EndProject
Project("{FAE04EC0-301F-11D3-BF4B-00C04F79EFBC}") = "Tenant.Contracts", "Modules\Tenant\Tenant.Contracts\Tenant.Contracts.csproj", "{A80567F9-4A5E-4052-A93B-3A68FE355017}"
EndProject
Project("{2150E333-8FDC-42A3-9474-1A3956D46DE8}") = "Identity", "Identity", "{293C06CD-4E17-48BD-9F3B-B5ADDFFA9425}"
EndProject
Project("{FAE04EC0-301F-11D3-BF4B-00C04F79EFBC}") = "Identity", "Modules\Identity\Identity\Identity.csproj", "{695F819A-BBDF-4523-8F26-2FF9F883DD30}"
EndProject
Project("{FAE04EC0-301F-11D3-BF4B-00C04F79EFBC}") = "Identity.Contracts", "Modules\Identity\Identity.Contracts\Identity.Contracts.csproj", "{A7B3A263-8ECD-4CDB-B464-608C018AFCD4}"
EndProject
Project("{2150E333-8FDC-42A3-9474-1A3956D46DE8}") = "Bootstrapper", "Bootstrapper", "{5310A871-B8F0-0791-A052-C8A19D59FF82}"
EndProject
Project("{FAE04EC0-301F-11D3-BF4B-00C04F79EFBC}") = "Api", "Bootstrapper\Api\Api.csproj", "{AE741175-9A6E-4354-BAB1-987EC9DB7E51}"
EndProject
Global
	GlobalSection(SolutionConfigurationPlatforms) = preSolution
		Debug|Any CPU = Debug|Any CPU
		Debug|x64 = Debug|x64
		Debug|x86 = Debug|x86
		Release|Any CPU = Release|Any CPU
		Release|x64 = Release|x64
		Release|x86 = Release|x86
	EndGlobalSection
	GlobalSection(ProjectConfigurationPlatforms) = postSolution
		{FD9D8B9F-B632-4818-8A8C-5417DD2CACCA}.Debug|Any CPU.ActiveCfg = Debug|Any CPU
		{FD9D8B9F-B632-4818-8A8C-5417DD2CACCA}.Debug|Any CPU.Build.0 = Debug|Any CPU
		{FD9D8B9F-B632-4818-8A8C-5417DD2CACCA}.Debug|x64.ActiveCfg = Debug|Any CPU
		{FD9D8B9F-B632-4818-8A8C-5417DD2CACCA}.Debug|x64.Build.0 = Debug|Any CPU
		{FD9D8B9F-B632-4818-8A8C-5417DD2CACCA}.Debug|x86.ActiveCfg = Debug|Any CPU
		{FD9D8B9F-B632-4818-8A8C-5417DD2CACCA}.Debug|x86.Build.0 = Debug|Any CPU
		{FD9D8B9F-B632-4818-8A8C-5417DD2CACCA}.Release|Any CPU.ActiveCfg = Release|Any CPU
		{FD9D8B9F-B632-4818-8A8C-5417DD2CACCA}.Release|Any CPU.Build.0 = Release|Any CPU
		{FD9D8B9F-B632-4818-8A8C-5417DD2CACCA}.Release|x64.ActiveCfg = Release|Any CPU
		{FD9D8B9F-B632-4818-8A8C-5417DD2CACCA}.Release|x64.Build.0 = Release|Any CPU
		{FD9D8B9F-B632-4818-8A8C-5417DD2CACCA}.Release|x86.ActiveCfg = Release|Any CPU
		{FD9D8B9F-B632-4818-8A8C-5417DD2CACCA}.Release|x86.Build.0 = Release|Any CPU
		{A14176FB-3655-432F-9328-A50BB33C71D3}.Debug|Any CPU.ActiveCfg = Debug|Any CPU
		{A14176FB-3655-432F-9328-A50BB33C71D3}.Debug|Any CPU.Build.0 = Debug|Any CPU
		{A14176FB-3655-432F-9328-A50BB33C71D3}.Debug|x64.ActiveCfg = Debug|Any CPU
		{A14176FB-3655-432F-9328-A50BB33C71D3}.Debug|x64.Build.0 = Debug|Any CPU
		{A14176FB-3655-432F-9328-A50BB33C71D3}.Debug|x86.ActiveCfg = Debug|Any CPU
		{A14176FB-3655-432F-9328-A50BB33C71D3}.Debug|x86.Build.0 = Debug|Any CPU
		{A14176FB-3655-432F-9328-A50BB33C71D3}.Release|Any CPU.ActiveCfg = Release|Any CPU
		{A14176FB-3655-432F-9328-A50BB33C71D3}.Release|Any CPU.Build.0 = Release|Any CPU
		{A14176FB-3655-432F-9328-A50BB33C71D3}.Release|x64.ActiveCfg = Release|Any CPU
		{A14176FB-3655-432F-9328-A50BB33C71D3}.Release|x64.Build.0 = Release|Any CPU
		{A14176FB-3655-432F-9328-A50BB33C71D3}.Release|x86.ActiveCfg = Release|Any CPU
		{A14176FB-3655-432F-9328-A50BB33C71D3}.Release|x86.Build.0 = Release|Any CPU
		{C50BA489-8BC5-407A-A4B2-F4708780D910}.Debug|Any CPU.ActiveCfg = Debug|Any CPU
		{C50BA489-8BC5-407A-A4B2-F4708780D910}.Debug|Any CPU.Build.0 = Debug|Any CPU
		{C50BA489-8BC5-407A-A4B2-F4708780D910}.Debug|x64.ActiveCfg = Debug|Any CPU
		{C50BA489-8BC5-407A-A4B2-F4708780D910}.Debug|x64.Build.0 = Debug|Any CPU
		{C50BA489-8BC5-407A-A4B2-F4708780D910}.Debug|x86.ActiveCfg = Debug|Any CPU
		{C50BA489-8BC5-407A-A4B2-F4708780D910}.Debug|x86.Build.0 = Debug|Any CPU
		{C50BA489-8BC5-407A-A4B2-F4708780D910}.Release|Any CPU.ActiveCfg = Release|Any CPU
		{C50BA489-8BC5-407A-A4B2-F4708780D910}.Release|Any CPU.Build.0 = Release|Any CPU
		{C50BA489-8BC5-407A-A4B2-F4708780D910}.Release|x64.ActiveCfg = Release|Any CPU
		{C50BA489-8BC5-407A-A4B2-F4708780D910}.Release|x64.Build.0 = Release|Any CPU
		{C50BA489-8BC5-407A-A4B2-F4708780D910}.Release|x86.ActiveCfg = Release|Any CPU
		{C50BA489-8BC5-407A-A4B2-F4708780D910}.Release|x86.Build.0 = Release|Any CPU
		{088D0FA4-EBC2-498D-B857-6C5588E5103A}.Debug|Any CPU.ActiveCfg = Debug|Any CPU
		{088D0FA4-EBC2-498D-B857-6C5588E5103A}.Debug|Any CPU.Build.0 = Debug|Any CPU
		{088D0FA4-EBC2-498D-B857-6C5588E5103A}.Debug|x64.ActiveCfg = Debug|Any CPU
		{088D0FA4-EBC2-498D-B857-6C5588E5103A}.Debug|x64.Build.0 = Debug|Any CPU
		{088D0FA4-EBC2-498D-B857-6C5588E5103A}.Debug|x86.ActiveCfg = Debug|Any CPU
		{088D0FA4-EBC2-498D-B857-6C5588E5103A}.Debug|x86.Build.0 = Debug|Any CPU
		{088D0FA4-EBC2-498D-B857-6C5588E5103A}.Release|Any CPU.ActiveCfg = Release|Any CPU
		{088D0FA4-EBC2-498D-B857-6C5588E5103A}.Release|Any CPU.Build.0 = Release|Any CPU
		{088D0FA4-EBC2-498D-B857-6C5588E5103A}.Release|x64.ActiveCfg = Release|Any CPU
		{088D0FA4-EBC2-498D-B857-6C5588E5103A}.Release|x64.Build.0 = Release|Any CPU
		{088D0FA4-EBC2-498D-B857-6C5588E5103A}.Release|x86.ActiveCfg = Release|Any CPU
		{088D0FA4-EBC2-498D-B857-6C5588E5103A}.Release|x86.Build.0 = Release|Any CPU
		{404E2C02-4A99-4478-97EA-5069E64A428E}.Debug|Any CPU.ActiveCfg = Debug|Any CPU
		{404E2C02-4A99-4478-97EA-5069E64A428E}.Debug|Any CPU.Build.0 = Debug|Any CPU
		{404E2C02-4A99-4478-97EA-5069E64A428E}.Debug|x64.ActiveCfg = Debug|Any CPU
		{404E2C02-4A99-4478-97EA-5069E64A428E}.Debug|x64.Build.0 = Debug|Any CPU
		{404E2C02-4A99-4478-97EA-5069E64A428E}.Debug|x86.ActiveCfg = Debug|Any CPU
		{404E2C02-4A99-4478-97EA-5069E64A428E}.Debug|x86.Build.0 = Debug|Any CPU
		{404E2C02-4A99-4478-97EA-5069E64A428E}.Release|Any CPU.ActiveCfg = Release|Any CPU
		{404E2C02-4A99-4478-97EA-5069E64A428E}.Release|Any CPU.Build.0 = Release|Any CPU
		{404E2C02-4A99-4478-97EA-5069E64A428E}.Release|x64.ActiveCfg = Release|Any CPU
		{404E2C02-4A99-4478-97EA-5069E64A428E}.Release|x64.Build.0 = Release|Any CPU
		{404E2C02-4A99-4478-97EA-5069E64A428E}.Release|x86.ActiveCfg = Release|Any CPU
		{404E2C02-4A99-4478-97EA-5069E64A428E}.Release|x86.Build.0 = Release|Any CPU
		{B78CE747-2F82-4453-80FE-AB03A38AB14C}.Debug|Any CPU.ActiveCfg = Debug|Any CPU
		{B78CE747-2F82-4453-80FE-AB03A38AB14C}.Debug|Any CPU.Build.0 = Debug|Any CPU
		{B78CE747-2F82-4453-80FE-AB03A38AB14C}.Debug|x64.ActiveCfg = Debug|Any CPU
		{B78CE747-2F82-4453-80FE-AB03A38AB14C}.Debug|x64.Build.0 = Debug|Any CPU
		{B78CE747-2F82-4453-80FE-AB03A38AB14C}.Debug|x86.ActiveCfg = Debug|Any CPU
		{B78CE747-2F82-4453-80FE-AB03A38AB14C}.Debug|x86.Build.0 = Debug|Any CPU
		{B78CE747-2F82-4453-80FE-AB03A38AB14C}.Release|Any CPU.ActiveCfg = Release|Any CPU
		{B78CE747-2F82-4453-80FE-AB03A38AB14C}.Release|Any CPU.Build.0 = Release|Any CPU
		{B78CE747-2F82-4453-80FE-AB03A38AB14C}.Release|x64.ActiveCfg = Release|Any CPU
		{B78CE747-2F82-4453-80FE-AB03A38AB14C}.Release|x64.Build.0 = Release|Any CPU
		{B78CE747-2F82-4453-80FE-AB03A38AB14C}.Release|x86.ActiveCfg = Release|Any CPU
		{B78CE747-2F82-4453-80FE-AB03A38AB14C}.Release|x86.Build.0 = Release|Any CPU
		{B3C3B1BB-4EFE-4182-B4C3-5B713D8459C8}.Debug|Any CPU.ActiveCfg = Debug|Any CPU
		{B3C3B1BB-4EFE-4182-B4C3-5B713D8459C8}.Debug|Any CPU.Build.0 = Debug|Any CPU
		{B3C3B1BB-4EFE-4182-B4C3-5B713D8459C8}.Debug|x64.ActiveCfg = Debug|Any CPU
		{B3C3B1BB-4EFE-4182-B4C3-5B713D8459C8}.Debug|x64.Build.0 = Debug|Any CPU
		{B3C3B1BB-4EFE-4182-B4C3-5B713D8459C8}.Debug|x86.ActiveCfg = Debug|Any CPU
		{B3C3B1BB-4EFE-4182-B4C3-5B713D8459C8}.Debug|x86.Build.0 = Debug|Any CPU
		{B3C3B1BB-4EFE-4182-B4C3-5B713D8459C8}.Release|Any CPU.ActiveCfg = Release|Any CPU
		{B3C3B1BB-4EFE-4182-B4C3-5B713D8459C8}.Release|Any CPU.Build.0 = Release|Any CPU
		{B3C3B1BB-4EFE-4182-B4C3-5B713D8459C8}.Release|x64.ActiveCfg = Release|Any CPU
		{B3C3B1BB-4EFE-4182-B4C3-5B713D8459C8}.Release|x64.Build.0 = Release|Any CPU
		{B3C3B1BB-4EFE-4182-B4C3-5B713D8459C8}.Release|x86.ActiveCfg = Release|Any CPU
		{B3C3B1BB-4EFE-4182-B4C3-5B713D8459C8}.Release|x86.Build.0 = Release|Any CPU
		{ED6234EF-2E0A-49C4-B068-249EAEE5A96E}.Debug|Any CPU.ActiveCfg = Debug|Any CPU
		{ED6234EF-2E0A-49C4-B068-249EAEE5A96E}.Debug|Any CPU.Build.0 = Debug|Any CPU
		{ED6234EF-2E0A-49C4-B068-249EAEE5A96E}.Debug|x64.ActiveCfg = Debug|Any CPU
		{ED6234EF-2E0A-49C4-B068-249EAEE5A96E}.Debug|x64.Build.0 = Debug|Any CPU
		{ED6234EF-2E0A-49C4-B068-249EAEE5A96E}.Debug|x86.ActiveCfg = Debug|Any CPU
		{ED6234EF-2E0A-49C4-B068-249EAEE5A96E}.Debug|x86.Build.0 = Debug|Any CPU
		{ED6234EF-2E0A-49C4-B068-249EAEE5A96E}.Release|Any CPU.ActiveCfg = Release|Any CPU
		{ED6234EF-2E0A-49C4-B068-249EAEE5A96E}.Release|Any CPU.Build.0 = Release|Any CPU
		{ED6234EF-2E0A-49C4-B068-249EAEE5A96E}.Release|x64.ActiveCfg = Release|Any CPU
		{ED6234EF-2E0A-49C4-B068-249EAEE5A96E}.Release|x64.Build.0 = Release|Any CPU
		{ED6234EF-2E0A-49C4-B068-249EAEE5A96E}.Release|x86.ActiveCfg = Release|Any CPU
		{ED6234EF-2E0A-49C4-B068-249EAEE5A96E}.Release|x86.Build.0 = Release|Any CPU
		{A80567F9-4A5E-4052-A93B-3A68FE355017}.Debug|Any CPU.ActiveCfg = Debug|Any CPU
		{A80567F9-4A5E-4052-A93B-3A68FE355017}.Debug|Any CPU.Build.0 = Debug|Any CPU
		{A80567F9-4A5E-4052-A93B-3A68FE355017}.Debug|x64.ActiveCfg = Debug|Any CPU
		{A80567F9-4A5E-4052-A93B-3A68FE355017}.Debug|x64.Build.0 = Debug|Any CPU
		{A80567F9-4A5E-4052-A93B-3A68FE355017}.Debug|x86.ActiveCfg = Debug|Any CPU
		{A80567F9-4A5E-4052-A93B-3A68FE355017}.Debug|x86.Build.0 = Debug|Any CPU
		{A80567F9-4A5E-4052-A93B-3A68FE355017}.Release|Any CPU.ActiveCfg = Release|Any CPU
		{A80567F9-4A5E-4052-A93B-3A68FE355017}.Release|Any CPU.Build.0 = Release|Any CPU
		{A80567F9-4A5E-4052-A93B-3A68FE355017}.Release|x64.ActiveCfg = Release|Any CPU
		{A80567F9-4A5E-4052-A93B-3A68FE355017}.Release|x64.Build.0 = Release|Any CPU
		{A80567F9-4A5E-4052-A93B-3A68FE355017}.Release|x86.ActiveCfg = Release|Any CPU
		{A80567F9-4A5E-4052-A93B-3A68FE355017}.Release|x86.Build.0 = Release|Any CPU
		{695F819A-BBDF-4523-8F26-2FF9F883DD30}.Debug|Any CPU.ActiveCfg = Debug|Any CPU
		{695F819A-BBDF-4523-8F26-2FF9F883DD30}.Debug|Any CPU.Build.0 = Debug|Any CPU
		{695F819A-BBDF-4523-8F26-2FF9F883DD30}.Debug|x64.ActiveCfg = Debug|Any CPU
		{695F819A-BBDF-4523-8F26-2FF9F883DD30}.Debug|x64.Build.0 = Debug|Any CPU
		{695F819A-BBDF-4523-8F26-2FF9F883DD30}.Debug|x86.ActiveCfg = Debug|Any CPU
		{695F819A-BBDF-4523-8F26-2FF9F883DD30}.Debug|x86.Build.0 = Debug|Any CPU
		{695F819A-BBDF-4523-8F26-2FF9F883DD30}.Release|Any CPU.ActiveCfg = Release|Any CPU
		{695F819A-BBDF-4523-8F26-2FF9F883DD30}.Release|Any CPU.Build.0 = Release|Any CPU
		{695F819A-BBDF-4523-8F26-2FF9F883DD30}.Release|x64.ActiveCfg = Release|Any CPU
		{695F819A-BBDF-4523-8F26-2FF9F883DD30}.Release|x64.Build.0 = Release|Any CPU
		{695F819A-BBDF-4523-8F26-2FF9F883DD30}.Release|x86.ActiveCfg = Release|Any CPU
		{695F819A-BBDF-4523-8F26-2FF9F883DD30}.Release|x86.Build.0 = Release|Any CPU
		{A7B3A263-8ECD-4CDB-B464-608C018AFCD4}.Debug|Any CPU.ActiveCfg = Debug|Any CPU
		{A7B3A263-8ECD-4CDB-B464-608C018AFCD4}.Debug|Any CPU.Build.0 = Debug|Any CPU
		{A7B3A263-8ECD-4CDB-B464-608C018AFCD4}.Debug|x64.ActiveCfg = Debug|Any CPU
		{A7B3A263-8ECD-4CDB-B464-608C018AFCD4}.Debug|x64.Build.0 = Debug|Any CPU
		{A7B3A263-8ECD-4CDB-B464-608C018AFCD4}.Debug|x86.ActiveCfg = Debug|Any CPU
		{A7B3A263-8ECD-4CDB-B464-608C018AFCD4}.Debug|x86.Build.0 = Debug|Any CPU
		{A7B3A263-8ECD-4CDB-B464-608C018AFCD4}.Release|Any CPU.ActiveCfg = Release|Any CPU
		{A7B3A263-8ECD-4CDB-B464-608C018AFCD4}.Release|Any CPU.Build.0 = Release|Any CPU
		{A7B3A263-8ECD-4CDB-B464-608C018AFCD4}.Release|x64.ActiveCfg = Release|Any CPU
		{A7B3A263-8ECD-4CDB-B464-608C018AFCD4}.Release|x64.Build.0 = Release|Any CPU
		{A7B3A263-8ECD-4CDB-B464-608C018AFCD4}.Release|x86.ActiveCfg = Release|Any CPU
		{A7B3A263-8ECD-4CDB-B464-608C018AFCD4}.Release|x86.Build.0 = Release|Any CPU
		{AE741175-9A6E-4354-BAB1-987EC9DB7E51}.Debug|Any CPU.ActiveCfg = Debug|Any CPU
		{AE741175-9A6E-4354-BAB1-987EC9DB7E51}.Debug|Any CPU.Build.0 = Debug|Any CPU
		{AE741175-9A6E-4354-BAB1-987EC9DB7E51}.Debug|x64.ActiveCfg = Debug|Any CPU
		{AE741175-9A6E-4354-BAB1-987EC9DB7E51}.Debug|x64.Build.0 = Debug|Any CPU
		{AE741175-9A6E-4354-BAB1-987EC9DB7E51}.Debug|x86.ActiveCfg = Debug|Any CPU
		{AE741175-9A6E-4354-BAB1-987EC9DB7E51}.Debug|x86.Build.0 = Debug|Any CPU
		{AE741175-9A6E-4354-BAB1-987EC9DB7E51}.Release|Any CPU.ActiveCfg = Release|Any CPU
		{AE741175-9A6E-4354-BAB1-987EC9DB7E51}.Release|Any CPU.Build.0 = Release|Any CPU
		{AE741175-9A6E-4354-BAB1-987EC9DB7E51}.Release|x64.ActiveCfg = Release|Any CPU
		{AE741175-9A6E-4354-BAB1-987EC9DB7E51}.Release|x64.Build.0 = Release|Any CPU
		{AE741175-9A6E-4354-BAB1-987EC9DB7E51}.Release|x86.ActiveCfg = Release|Any CPU
		{AE741175-9A6E-4354-BAB1-987EC9DB7E51}.Release|x86.Build.0 = Release|Any CPU
	EndGlobalSection
	GlobalSection(SolutionProperties) = preSolution
		HideSolutionNode = FALSE
	EndGlobalSection
	GlobalSection(NestedProjects) = preSolution
		{FD9D8B9F-B632-4818-8A8C-5417DD2CACCA} = {4F52FD11-658E-A102-6CD3-7D7C16FFA15B}
		{A14176FB-3655-432F-9328-A50BB33C71D3} = {4F52FD11-658E-A102-6CD3-7D7C16FFA15B}
		{C50BA489-8BC5-407A-A4B2-F4708780D910} = {4F52FD11-658E-A102-6CD3-7D7C16FFA15B}
		{755C4B75-5A12-C258-C209-3D4B96DD269A} = {CA253913-39DE-BFD0-C9A3-4B7EC6FBDF17}
		{088D0FA4-EBC2-498D-B857-6C5588E5103A} = {755C4B75-5A12-C258-C209-3D4B96DD269A}
		{404E2C02-4A99-4478-97EA-5069E64A428E} = {755C4B75-5A12-C258-C209-3D4B96DD269A}
		{3266C089-BF45-8FB5-CBFB-520E7D591FF0} = {CA253913-39DE-BFD0-C9A3-4B7EC6FBDF17}
		{B78CE747-2F82-4453-80FE-AB03A38AB14C} = {3266C089-BF45-8FB5-CBFB-520E7D591FF0}
		{B3C3B1BB-4EFE-4182-B4C3-5B713D8459C8} = {3266C089-BF45-8FB5-CBFB-520E7D591FF0}
		{913ADD56-5A08-A3E1-DBF9-160612A513DD} = {CA253913-39DE-BFD0-C9A3-4B7EC6FBDF17}
		{ED6234EF-2E0A-49C4-B068-249EAEE5A96E} = {913ADD56-5A08-A3E1-DBF9-160612A513DD}
		{A80567F9-4A5E-4052-A93B-3A68FE355017} = {913ADD56-5A08-A3E1-DBF9-160612A513DD}
		{293C06CD-4E17-48BD-9F3B-B5ADDFFA9425} = {CA253913-39DE-BFD0-C9A3-4B7EC6FBDF17}
		{695F819A-BBDF-4523-8F26-2FF9F883DD30} = {293C06CD-4E17-48BD-9F3B-B5ADDFFA9425}
		{A7B3A263-8ECD-4CDB-B464-608C018AFCD4} = {293C06CD-4E17-48BD-9F3B-B5ADDFFA9425}
		{AE741175-9A6E-4354-BAB1-987EC9DB7E51} = {5310A871-B8F0-0791-A052-C8A19D59FF82}
	EndGlobalSection
EndGlobal
